
Microsoft Visual Studio Solution File, Format Version 12.00
# Visual Studio Version 17
VisualStudioVersion = 17.11.35208.52
MinimumVisualStudioVersion = 10.0.40219.1
Project("{FAE04EC0-301F-11D3-BF4B-00C04F79EFBC}") = "ConectFour", "ConectFour\ConectFour.csproj", "{A6E76EE7-FFF9-41F2-A33A-085DD01F63A4}"
EndProject
Global
	GlobalSection(SolutionConfigurationPlatforms) = preSolution
		Debug|Any CPU = Debug|Any CPU
		Release|Any CPU = Release|Any CPU
	EndGlobalSection
	GlobalSection(ProjectConfigurationPlatforms) = postSolution
		{A6E76EE7-FFF9-41F2-A33A-085DD01F63A4}.Debug|Any CPU.ActiveCfg = Debug|Any CPU
		{A6E76EE7-FFF9-41F2-A33A-085DD01F63A4}.Debug|Any CPU.Build.0 = Debug|Any CPU
		{A6E76EE7-FFF9-41F2-A33A-085DD01F63A4}.Release|Any CPU.ActiveCfg = Release|Any CPU
		{A6E76EE7-FFF9-41F2-A33A-085DD01F63A4}.Release|Any CPU.Build.0 = Release|Any CPU
	EndGlobalSection
	GlobalSection(SolutionProperties) = preSolution
		HideSolutionNode = FALSE
	EndGlobalSection
	GlobalSection(ExtensibilityGlobals) = postSolution
		SolutionGuid = {5C7202E9-866E-48CD-8748-ED84C71EFEC3}
	EndGlobalSection
EndGlobal
